// !$*UTF8*$!
{
	archiveVersion = 1;
	classes = {
	};
	objectVersion = 56;
	objects = {

/* Begin PBXBuildFile section */
		DCA82B5D2A36AFBC0037B5C7 /* MoodTrackerApp.swift in Sources */ = {isa = PBXBuildFile; fileRef = DCA82B5C2A36AFBC0037B5C7 /* MoodTrackerApp.swift */; };
		DCA82B5F2A36AFBC0037B5C7 /* ContentView.swift in Sources */ = {isa = PBXBuildFile; fileRef = DCA82B5E2A36AFBC0037B5C7 /* ContentView.swift */; };
		DCA82B612A36AFBE0037B5C7 /* Assets.xcassets in Resources */ = {isa = PBXBuildFile; fileRef = DCA82B602A36AFBE0037B5C7 /* Assets.xcassets */; };
		DCA82B642A36AFBE0037B5C7 /* Preview Assets.xcassets in Resources */ = {isa = PBXBuildFile; fileRef = DCA82B632A36AFBE0037B5C7 /* Preview Assets.xcassets */; };
		DCA82B6E2A36AFBE0037B5C7 /* MoodTrackerTests.swift in Sources */ = {isa = PBXBuildFile; fileRef = DCA82B6D2A36AFBE0037B5C7 /* MoodTrackerTests.swift */; };
		DCA82B782A36AFBE0037B5C7 /* MoodTrackerUITests.swift in Sources */ = {isa = PBXBuildFile; fileRef = DCA82B772A36AFBE0037B5C7 /* MoodTrackerUITests.swift */; };
		DCA82B7A2A36AFBE0037B5C7 /* MoodTrackerUITestsLaunchTests.swift in Sources */ = {isa = PBXBuildFile; fileRef = DCA82B792A36AFBE0037B5C7 /* MoodTrackerUITestsLaunchTests.swift */; };
		DCA82B872A36C3660037B5C7 /* MoodEntry.swift in Sources */ = {isa = PBXBuildFile; fileRef = DCA82B862A36C3660037B5C7 /* MoodEntry.swift */; };
		DCA82B892A36C38A0037B5C7 /* MoodStore.swift in Sources */ = {isa = PBXBuildFile; fileRef = DCA82B882A36C38A0037B5C7 /* MoodStore.swift */; };
		DCA82B8B2A36C3A60037B5C7 /* CalendarView.swift in Sources */ = {isa = PBXBuildFile; fileRef = DCA82B8A2A36C3A60037B5C7 /* CalendarView.swift */; };
		DCA82B8D2A36DA4A0037B5C7 /* MoodView.swift in Sources */ = {isa = PBXBuildFile; fileRef = DCA82B8C2A36DA4A0037B5C7 /* MoodView.swift */; };
		DCA82B8F2A37774F0037B5C7 /* TagStore.swift in Sources */ = {isa = PBXBuildFile; fileRef = DCA82B8E2A37774F0037B5C7 /* TagStore.swift */; };
/* End PBXBuildFile section */

/* Begin PBXContainerItemProxy section */
		DCA82B6A2A36AFBE0037B5C7 /* PBXContainerItemProxy */ = {
			isa = PBXContainerItemProxy;
			containerPortal = DCA82B512A36AFBC0037B5C7 /* Project object */;
			proxyType = 1;
			remoteGlobalIDString = DCA82B582A36AFBC0037B5C7;
			remoteInfo = MoodTracker;
		};
		DCA82B742A36AFBE0037B5C7 /* PBXContainerItemProxy */ = {
			isa = PBXContainerItemProxy;
			containerPortal = DCA82B512A36AFBC0037B5C7 /* Project object */;
			proxyType = 1;
			remoteGlobalIDString = DCA82B582A36AFBC0037B5C7;
			remoteInfo = MoodTracker;
		};
/* End PBXContainerItemProxy section */

/* Begin PBXFileReference section */
		DCA82B592A36AFBC0037B5C7 /* MoodTracker.app */ = {isa = PBXFileReference; explicitFileType = wrapper.application; includeInIndex = 0; path = MoodTracker.app; sourceTree = BUILT_PRODUCTS_DIR; };
		DCA82B5C2A36AFBC0037B5C7 /* MoodTrackerApp.swift */ = {isa = PBXFileReference; lastKnownFileType = sourcecode.swift; path = MoodTrackerApp.swift; sourceTree = "<group>"; };
		DCA82B5E2A36AFBC0037B5C7 /* ContentView.swift */ = {isa = PBXFileReference; lastKnownFileType = sourcecode.swift; path = ContentView.swift; sourceTree = "<group>"; };
		DCA82B602A36AFBE0037B5C7 /* Assets.xcassets */ = {isa = PBXFileReference; lastKnownFileType = folder.assetcatalog; path = Assets.xcassets; sourceTree = "<group>"; };
		DCA82B632A36AFBE0037B5C7 /* Preview Assets.xcassets */ = {isa = PBXFileReference; lastKnownFileType = folder.assetcatalog; path = "Preview Assets.xcassets"; sourceTree = "<group>"; };
		DCA82B692A36AFBE0037B5C7 /* MoodTrackerTests.xctest */ = {isa = PBXFileReference; explicitFileType = wrapper.cfbundle; includeInIndex = 0; path = MoodTrackerTests.xctest; sourceTree = BUILT_PRODUCTS_DIR; };
		DCA82B6D2A36AFBE0037B5C7 /* MoodTrackerTests.swift */ = {isa = PBXFileReference; lastKnownFileType = sourcecode.swift; path = MoodTrackerTests.swift; sourceTree = "<group>"; };
		DCA82B732A36AFBE0037B5C7 /* MoodTrackerUITests.xctest */ = {isa = PBXFileReference; explicitFileType = wrapper.cfbundle; includeInIndex = 0; path = MoodTrackerUITests.xctest; sourceTree = BUILT_PRODUCTS_DIR; };
		DCA82B772A36AFBE0037B5C7 /* MoodTrackerUITests.swift */ = {isa = PBXFileReference; lastKnownFileType = sourcecode.swift; path = MoodTrackerUITests.swift; sourceTree = "<group>"; };
		DCA82B792A36AFBE0037B5C7 /* MoodTrackerUITestsLaunchTests.swift */ = {isa = PBXFileReference; lastKnownFileType = sourcecode.swift; path = MoodTrackerUITestsLaunchTests.swift; sourceTree = "<group>"; };
		DCA82B862A36C3660037B5C7 /* MoodEntry.swift */ = {isa = PBXFileReference; lastKnownFileType = sourcecode.swift; path = MoodEntry.swift; sourceTree = "<group>"; };
		DCA82B882A36C38A0037B5C7 /* MoodStore.swift */ = {isa = PBXFileReference; lastKnownFileType = sourcecode.swift; path = MoodStore.swift; sourceTree = "<group>"; };
		DCA82B8A2A36C3A60037B5C7 /* CalendarView.swift */ = {isa = PBXFileReference; lastKnownFileType = sourcecode.swift; path = CalendarView.swift; sourceTree = "<group>"; };
		DCA82B8C2A36DA4A0037B5C7 /* MoodView.swift */ = {isa = PBXFileReference; lastKnownFileType = sourcecode.swift; path = MoodView.swift; sourceTree = "<group>"; };
		DCA82B8E2A37774F0037B5C7 /* TagStore.swift */ = {isa = PBXFileReference; lastKnownFileType = sourcecode.swift; path = TagStore.swift; sourceTree = "<group>"; };
/* End PBXFileReference section */

/* Begin PBXFrameworksBuildPhase section */
		DCA82B562A36AFBC0037B5C7 /* Frameworks */ = {
			isa = PBXFrameworksBuildPhase;
			buildActionMask = 2147483647;
			files = (
			);
			runOnlyForDeploymentPostprocessing = 0;
		};
		DCA82B662A36AFBE0037B5C7 /* Frameworks */ = {
			isa = PBXFrameworksBuildPhase;
			buildActionMask = 2147483647;
			files = (
			);
			runOnlyForDeploymentPostprocessing = 0;
		};
		DCA82B702A36AFBE0037B5C7 /* Frameworks */ = {
			isa = PBXFrameworksBuildPhase;
			buildActionMask = 2147483647;
			files = (
			);
			runOnlyForDeploymentPostprocessing = 0;
		};
/* End PBXFrameworksBuildPhase section */

/* Begin PBXGroup section */
		DCA82B502A36AFBC0037B5C7 = {
			isa = PBXGroup;
			children = (
				DCA82B5B2A36AFBC0037B5C7 /* MoodTracker */,
				DCA82B6C2A36AFBE0037B5C7 /* MoodTrackerTests */,
				DCA82B762A36AFBE0037B5C7 /* MoodTrackerUITests */,
				DCA82B5A2A36AFBC0037B5C7 /* Products */,
			);
			sourceTree = "<group>";
		};
		DCA82B5A2A36AFBC0037B5C7 /* Products */ = {
			isa = PBXGroup;
			children = (
				DCA82B592A36AFBC0037B5C7 /* MoodTracker.app */,
				DCA82B692A36AFBE0037B5C7 /* MoodTrackerTests.xctest */,
				DCA82B732A36AFBE0037B5C7 /* MoodTrackerUITests.xctest */,
			);
			name = Products;
			sourceTree = "<group>";
		};
		DCA82B5B2A36AFBC0037B5C7 /* MoodTracker */ = {
			isa = PBXGroup;
			children = (
				DCA82B5C2A36AFBC0037B5C7 /* MoodTrackerApp.swift */,
				DCA82B5E2A36AFBC0037B5C7 /* ContentView.swift */,
				DCA82B8A2A36C3A60037B5C7 /* CalendarView.swift */,
				DCA82B8C2A36DA4A0037B5C7 /* MoodView.swift */,
				DCA82B602A36AFBE0037B5C7 /* Assets.xcassets */,
				DCA82B622A36AFBE0037B5C7 /* Preview Content */,
				DCA82B862A36C3660037B5C7 /* MoodEntry.swift */,
				DCA82B882A36C38A0037B5C7 /* MoodStore.swift */,
				DCA82B8E2A37774F0037B5C7 /* TagStore.swift */,
			);
			path = MoodTracker;
			sourceTree = "<group>";
		};
		DCA82B622A36AFBE0037B5C7 /* Preview Content */ = {
			isa = PBXGroup;
			children = (
				DCA82B632A36AFBE0037B5C7 /* Preview Assets.xcassets */,
			);
			path = "Preview Content";
			sourceTree = "<group>";
		};
		DCA82B6C2A36AFBE0037B5C7 /* MoodTrackerTests */ = {
			isa = PBXGroup;
			children = (
				DCA82B6D2A36AFBE0037B5C7 /* MoodTrackerTests.swift */,
			);
			path = MoodTrackerTests;
			sourceTree = "<group>";
		};
		DCA82B762A36AFBE0037B5C7 /* MoodTrackerUITests */ = {
			isa = PBXGroup;
			children = (
				DCA82B772A36AFBE0037B5C7 /* MoodTrackerUITests.swift */,
				DCA82B792A36AFBE0037B5C7 /* MoodTrackerUITestsLaunchTests.swift */,
			);
			path = MoodTrackerUITests;
			sourceTree = "<group>";
		};
/* End PBXGroup section */

/* Begin PBXNativeTarget section */
		DCA82B582A36AFBC0037B5C7 /* MoodTracker */ = {
			isa = PBXNativeTarget;
			buildConfigurationList = DCA82B7D2A36AFBE0037B5C7 /* Build configuration list for PBXNativeTarget "MoodTracker" */;
			buildPhases = (
				DCA82B552A36AFBC0037B5C7 /* Sources */,
				DCA82B562A36AFBC0037B5C7 /* Frameworks */,
				DCA82B572A36AFBC0037B5C7 /* Resources */,
			);
			buildRules = (
			);
			dependencies = (
			);
			name = MoodTracker;
			productName = MoodTracker;
			productReference = DCA82B592A36AFBC0037B5C7 /* MoodTracker.app */;
			productType = "com.apple.product-type.application";
		};
		DCA82B682A36AFBE0037B5C7 /* MoodTrackerTests */ = {
			isa = PBXNativeTarget;
			buildConfigurationList = DCA82B802A36AFBE0037B5C7 /* Build configuration list for PBXNativeTarget "MoodTrackerTests" */;
			buildPhases = (
				DCA82B652A36AFBE0037B5C7 /* Sources */,
				DCA82B662A36AFBE0037B5C7 /* Frameworks */,
				DCA82B672A36AFBE0037B5C7 /* Resources */,
			);
			buildRules = (
			);
			dependencies = (
				DCA82B6B2A36AFBE0037B5C7 /* PBXTargetDependency */,
			);
			name = MoodTrackerTests;
			productName = MoodTrackerTests;
			productReference = DCA82B692A36AFBE0037B5C7 /* MoodTrackerTests.xctest */;
			productType = "com.apple.product-type.bundle.unit-test";
		};
		DCA82B722A36AFBE0037B5C7 /* MoodTrackerUITests */ = {
			isa = PBXNativeTarget;
			buildConfigurationList = DCA82B832A36AFBE0037B5C7 /* Build configuration list for PBXNativeTarget "MoodTrackerUITests" */;
			buildPhases = (
				DCA82B6F2A36AFBE0037B5C7 /* Sources */,
				DCA82B702A36AFBE0037B5C7 /* Frameworks */,
				DCA82B712A36AFBE0037B5C7 /* Resources */,
			);
			buildRules = (
			);
			dependencies = (
				DCA82B752A36AFBE0037B5C7 /* PBXTargetDependency */,
			);
			name = MoodTrackerUITests;
			productName = MoodTrackerUITests;
			productReference = DCA82B732A36AFBE0037B5C7 /* MoodTrackerUITests.xctest */;
			productType = "com.apple.product-type.bundle.ui-testing";
		};
/* End PBXNativeTarget section */

/* Begin PBXProject section */
		DCA82B512A36AFBC0037B5C7 /* Project object */ = {
			isa = PBXProject;
			attributes = {
				BuildIndependentTargetsInParallel = 1;
				LastSwiftUpdateCheck = 1430;
				LastUpgradeCheck = 1430;
				TargetAttributes = {
					DCA82B582A36AFBC0037B5C7 = {
						CreatedOnToolsVersion = 14.3.1;
					};
					DCA82B682A36AFBE0037B5C7 = {
						CreatedOnToolsVersion = 14.3.1;
						TestTargetID = DCA82B582A36AFBC0037B5C7;
					};
					DCA82B722A36AFBE0037B5C7 = {
						CreatedOnToolsVersion = 14.3.1;
						TestTargetID = DCA82B582A36AFBC0037B5C7;
					};
				};
			};
			buildConfigurationList = DCA82B542A36AFBC0037B5C7 /* Build configuration list for PBXProject "MoodTracker" */;
			compatibilityVersion = "Xcode 14.0";
			developmentRegion = en;
			hasScannedForEncodings = 0;
			knownRegions = (
				en,
				Base,
			);
			mainGroup = DCA82B502A36AFBC0037B5C7;
			productRefGroup = DCA82B5A2A36AFBC0037B5C7 /* Products */;
			projectDirPath = "";
			projectRoot = "";
			targets = (
				DCA82B582A36AFBC0037B5C7 /* MoodTracker */,
				DCA82B682A36AFBE0037B5C7 /* MoodTrackerTests */,
				DCA82B722A36AFBE0037B5C7 /* MoodTrackerUITests */,
			);
		};
/* End PBXProject section */

/* Begin PBXResourcesBuildPhase section */
		DCA82B572A36AFBC0037B5C7 /* Resources */ = {
			isa = PBXResourcesBuildPhase;
			buildActionMask = 2147483647;
			files = (
				DCA82B642A36AFBE0037B5C7 /* Preview Assets.xcassets in Resources */,
				DCA82B612A36AFBE0037B5C7 /* Assets.xcassets in Resources */,
			);
			runOnlyForDeploymentPostprocessing = 0;
		};
		DCA82B672A36AFBE0037B5C7 /* Resources */ = {
			isa = PBXResourcesBuildPhase;
			buildActionMask = 2147483647;
			files = (
			);
			runOnlyForDeploymentPostprocessing = 0;
		};
		DCA82B712A36AFBE0037B5C7 /* Resources */ = {
			isa = PBXResourcesBuildPhase;
			buildActionMask = 2147483647;
			files = (
			);
			runOnlyForDeploymentPostprocessing = 0;
		};
/* End PBXResourcesBuildPhase section */

/* Begin PBXSourcesBuildPhase section */
		DCA82B552A36AFBC0037B5C7 /* Sources */ = {
			isa = PBXSourcesBuildPhase;
			buildActionMask = 2147483647;
			files = (
				DCA82B8B2A36C3A60037B5C7 /* CalendarView.swift in Sources */,
				DCA82B8D2A36DA4A0037B5C7 /* MoodView.swift in Sources */,
				DCA82B5F2A36AFBC0037B5C7 /* ContentView.swift in Sources */,
				DCA82B5D2A36AFBC0037B5C7 /* MoodTrackerApp.swift in Sources */,
				DCA82B892A36C38A0037B5C7 /* MoodStore.swift in Sources */,
				DCA82B872A36C3660037B5C7 /* MoodEntry.swift in Sources */,
				DCA82B8F2A37774F0037B5C7 /* TagStore.swift in Sources */,
			);
			runOnlyForDeploymentPostprocessing = 0;
		};
		DCA82B652A36AFBE0037B5C7 /* Sources */ = {
			isa = PBXSourcesBuildPhase;
			buildActionMask = 2147483647;
			files = (
				DCA82B6E2A36AFBE0037B5C7 /* MoodTrackerTests.swift in Sources */,
			);
			runOnlyForDeploymentPostprocessing = 0;
		};
		DCA82B6F2A36AFBE0037B5C7 /* Sources */ = {
			isa = PBXSourcesBuildPhase;
			buildActionMask = 2147483647;
			files = (
				DCA82B7A2A36AFBE0037B5C7 /* MoodTrackerUITestsLaunchTests.swift in Sources */,
				DCA82B782A36AFBE0037B5C7 /* MoodTrackerUITests.swift in Sources */,
			);
			runOnlyForDeploymentPostprocessing = 0;
		};
/* End PBXSourcesBuildPhase section */

/* Begin PBXTargetDependency section */
		DCA82B6B2A36AFBE0037B5C7 /* PBXTargetDependency */ = {
			isa = PBXTargetDependency;
			target = DCA82B582A36AFBC0037B5C7 /* MoodTracker */;
			targetProxy = DCA82B6A2A36AFBE0037B5C7 /* PBXContainerItemProxy */;
		};
		DCA82B752A36AFBE0037B5C7 /* PBXTargetDependency */ = {
			isa = PBXTargetDependency;
			target = DCA82B582A36AFBC0037B5C7 /* MoodTracker */;
			targetProxy = DCA82B742A36AFBE0037B5C7 /* PBXContainerItemProxy */;
		};
/* End PBXTargetDependency section */

/* Begin XCBuildConfiguration section */
		DCA82B7B2A36AFBE0037B5C7 /* Debug */ = {
			isa = XCBuildConfiguration;
			buildSettings = {
				ALWAYS_SEARCH_USER_PATHS = NO;
				CLANG_ANALYZER_NONNULL = YES;
				CLANG_ANALYZER_NUMBER_OBJECT_CONVERSION = YES_AGGRESSIVE;
				CLANG_CXX_LANGUAGE_STANDARD = "gnu++20";
				CLANG_ENABLE_MODULES = YES;
				CLANG_ENABLE_OBJC_ARC = YES;
				CLANG_ENABLE_OBJC_WEAK = YES;
				CLANG_WARN_BLOCK_CAPTURE_AUTORELEASING = YES;
				CLANG_WARN_BOOL_CONVERSION = YES;
				CLANG_WARN_COMMA = YES;
				CLANG_WARN_CONSTANT_CONVERSION = YES;
				CLANG_WARN_DEPRECATED_OBJC_IMPLEMENTATIONS = YES;
				CLANG_WARN_DIRECT_OBJC_ISA_USAGE = YES_ERROR;
				CLANG_WARN_DOCUMENTATION_COMMENTS = YES;
				CLANG_WARN_EMPTY_BODY = YES;
				CLANG_WARN_ENUM_CONVERSION = YES;
				CLANG_WARN_INFINITE_RECURSION = YES;
				CLANG_WARN_INT_CONVERSION = YES;
				CLANG_WARN_NON_LITERAL_NULL_CONVERSION = YES;
				CLANG_WARN_OBJC_IMPLICIT_RETAIN_SELF = YES;
				CLANG_WARN_OBJC_LITERAL_CONVERSION = YES;
				CLANG_WARN_OBJC_ROOT_CLASS = YES_ERROR;
				CLANG_WARN_QUOTED_INCLUDE_IN_FRAMEWORK_HEADER = YES;
				CLANG_WARN_RANGE_LOOP_ANALYSIS = YES;
				CLANG_WARN_STRICT_PROTOTYPES = YES;
				CLANG_WARN_SUSPICIOUS_MOVE = YES;
				CLANG_WARN_UNGUARDED_AVAILABILITY = YES_AGGRESSIVE;
				CLANG_WARN_UNREACHABLE_CODE = YES;
				CLANG_WARN__DUPLICATE_METHOD_MATCH = YES;
				COPY_PHASE_STRIP = NO;
				DEBUG_INFORMATION_FORMAT = dwarf;
				ENABLE_STRICT_OBJC_MSGSEND = YES;
				ENABLE_TESTABILITY = YES;
				GCC_C_LANGUAGE_STANDARD = gnu11;
				GCC_DYNAMIC_NO_PIC = NO;
				GCC_NO_COMMON_BLOCKS = YES;
				GCC_OPTIMIZATION_LEVEL = 0;
				GCC_PREPROCESSOR_DEFINITIONS = (
					"DEBUG=1",
					"$(inherited)",
				);
				GCC_WARN_64_TO_32_BIT_CONVERSION = YES;
				GCC_WARN_ABOUT_RETURN_TYPE = YES_ERROR;
				GCC_WARN_UNDECLARED_SELECTOR = YES;
				GCC_WARN_UNINITIALIZED_AUTOS = YES_AGGRESSIVE;
				GCC_WARN_UNUSED_FUNCTION = YES;
				GCC_WARN_UNUSED_VARIABLE = YES;
				IPHONEOS_DEPLOYMENT_TARGET = 16.4;
				MTL_ENABLE_DEBUG_INFO = INCLUDE_SOURCE;
				MTL_FAST_MATH = YES;
				ONLY_ACTIVE_ARCH = YES;
				SDKROOT = iphoneos;
				SWIFT_ACTIVE_COMPILATION_CONDITIONS = DEBUG;
				SWIFT_OPTIMIZATION_LEVEL = "-Onone";
			};
			name = Debug;
		};
		DCA82B7C2A36AFBE0037B5C7 /* Release */ = {
			isa = XCBuildConfiguration;
			buildSettings = {
				ALWAYS_SEARCH_USER_PATHS = NO;
				CLANG_ANALYZER_NONNULL = YES;
				CLANG_ANALYZER_NUMBER_OBJECT_CONVERSION = YES_AGGRESSIVE;
				CLANG_CXX_LANGUAGE_STANDARD = "gnu++20";
				CLANG_ENABLE_MODULES = YES;
				CLANG_ENABLE_OBJC_ARC = YES;
				CLANG_ENABLE_OBJC_WEAK = YES;
				CLANG_WARN_BLOCK_CAPTURE_AUTORELEASING = YES;
				CLANG_WARN_BOOL_CONVERSION = YES;
				CLANG_WARN_COMMA = YES;
				CLANG_WARN_CONSTANT_CONVERSION = YES;
				CLANG_WARN_DEPRECATED_OBJC_IMPLEMENTATIONS = YES;
				CLANG_WARN_DIRECT_OBJC_ISA_USAGE = YES_ERROR;
				CLANG_WARN_DOCUMENTATION_COMMENTS = YES;
				CLANG_WARN_EMPTY_BODY = YES;
				CLANG_WARN_ENUM_CONVERSION = YES;
				CLANG_WARN_INFINITE_RECURSION = YES;
				CLANG_WARN_INT_CONVERSION = YES;
				CLANG_WARN_NON_LITERAL_NULL_CONVERSION = YES;
				CLANG_WARN_OBJC_IMPLICIT_RETAIN_SELF = YES;
				CLANG_WARN_OBJC_LITERAL_CONVERSION = YES;
				CLANG_WARN_OBJC_ROOT_CLASS = YES_ERROR;
				CLANG_WARN_QUOTED_INCLUDE_IN_FRAMEWORK_HEADER = YES;
				CLANG_WARN_RANGE_LOOP_ANALYSIS = YES;
				CLANG_WARN_STRICT_PROTOTYPES = YES;
				CLANG_WARN_SUSPICIOUS_MOVE = YES;
				CLANG_WARN_UNGUARDED_AVAILABILITY = YES_AGGRESSIVE;
				CLANG_WARN_UNREACHABLE_CODE = YES;
				CLANG_WARN__DUPLICATE_METHOD_MATCH = YES;
				COPY_PHASE_STRIP = NO;
				DEBUG_INFORMATION_FORMAT = "dwarf-with-dsym";
				ENABLE_NS_ASSERTIONS = NO;
				ENABLE_STRICT_OBJC_MSGSEND = YES;
				GCC_C_LANGUAGE_STANDARD = gnu11;
				GCC_NO_COMMON_BLOCKS = YES;
				GCC_WARN_64_TO_32_BIT_CONVERSION = YES;
				GCC_WARN_ABOUT_RETURN_TYPE = YES_ERROR;
				GCC_WARN_UNDECLARED_SELECTOR = YES;
				GCC_WARN_UNINITIALIZED_AUTOS = YES_AGGRESSIVE;
				GCC_WARN_UNUSED_FUNCTION = YES;
				GCC_WARN_UNUSED_VARIABLE = YES;
				IPHONEOS_DEPLOYMENT_TARGET = 16.4;
				MTL_ENABLE_DEBUG_INFO = NO;
				MTL_FAST_MATH = YES;
				SDKROOT = iphoneos;
				SWIFT_COMPILATION_MODE = wholemodule;
				SWIFT_OPTIMIZATION_LEVEL = "-O";
				VALIDATE_PRODUCT = YES;
			};
			name = Release;
		};
		DCA82B7E2A36AFBE0037B5C7 /* Debug */ = {
			isa = XCBuildConfiguration;
			buildSettings = {
				ASSETCATALOG_COMPILER_APPICON_NAME = AppIcon;
				ASSETCATALOG_COMPILER_GLOBAL_ACCENT_COLOR_NAME = AccentColor;
				CODE_SIGN_STYLE = Automatic;
				CURRENT_PROJECT_VERSION = 1;
				DEVELOPMENT_ASSET_PATHS = "\"MoodTracker/Preview Content\"";
				ENABLE_PREVIEWS = YES;
				GENERATE_INFOPLIST_FILE = YES;
				INFOPLIST_KEY_UIApplicationSceneManifest_Generation = YES;
				INFOPLIST_KEY_UIApplicationSupportsIndirectInputEvents = YES;
				INFOPLIST_KEY_UILaunchScreen_Generation = YES;
				INFOPLIST_KEY_UISupportedInterfaceOrientations_iPad = "UIInterfaceOrientationPortrait UIInterfaceOrientationPortraitUpsideDown UIInterfaceOrientationLandscapeLeft UIInterfaceOrientationLandscapeRight";
				INFOPLIST_KEY_UISupportedInterfaceOrientations_iPhone = "UIInterfaceOrientationPortrait UIInterfaceOrientationLandscapeLeft UIInterfaceOrientationLandscapeRight";
				LD_RUNPATH_SEARCH_PATHS = (
					"$(inherited)",
					"@executable_path/Frameworks",
				);
				MARKETING_VERSION = 1.0;
				PRODUCT_BUNDLE_IDENTIFIER = StarLightCraft.MoodTracker;
				PRODUCT_NAME = "$(TARGET_NAME)";
				SWIFT_EMIT_LOC_STRINGS = YES;
				SWIFT_VERSION = 5.0;
				TARGETED_DEVICE_FAMILY = "1,2";
			};
			name = Debug;
		};
		DCA82B7F2A36AFBE0037B5C7 /* Release */ = {
			isa = XCBuildConfiguration;
			buildSettings = {
				ASSETCATALOG_COMPILER_APPICON_NAME = AppIcon;
				ASSETCATALOG_COMPILER_GLOBAL_ACCENT_COLOR_NAME = AccentColor;
				CODE_SIGN_STYLE = Automatic;
				CURRENT_PROJECT_VERSION = 1;
				DEVELOPMENT_ASSET_PATHS = "\"MoodTracker/Preview Content\"";
				ENABLE_PREVIEWS = YES;
				GENERATE_INFOPLIST_FILE = YES;
				INFOPLIST_KEY_UIApplicationSceneManifest_Generation = YES;
				INFOPLIST_KEY_UIApplicationSupportsIndirectInputEvents = YES;
				INFOPLIST_KEY_UILaunchScreen_Generation = YES;
				INFOPLIST_KEY_UISupportedInterfaceOrientations_iPad = "UIInterfaceOrientationPortrait UIInterfaceOrientationPortraitUpsideDown UIInterfaceOrientationLandscapeLeft UIInterfaceOrientationLandscapeRight";
				INFOPLIST_KEY_UISupportedInterfaceOrientations_iPhone = "UIInterfaceOrientationPortrait UIInterfaceOrientationLandscapeLeft UIInterfaceOrientationLandscapeRight";
				LD_RUNPATH_SEARCH_PATHS = (
					"$(inherited)",
					"@executable_path/Frameworks",
				);
				MARKETING_VERSION = 1.0;
				PRODUCT_BUNDLE_IDENTIFIER = StarLightCraft.MoodTracker;
				PRODUCT_NAME = "$(TARGET_NAME)";
				SWIFT_EMIT_LOC_STRINGS = YES;
				SWIFT_VERSION = 5.0;
				TARGETED_DEVICE_FAMILY = "1,2";
			};
			name = Release;
		};
		DCA82B812A36AFBE0037B5C7 /* Debug */ = {
			isa = XCBuildConfiguration;
			buildSettings = {
				ALWAYS_EMBED_SWIFT_STANDARD_LIBRARIES = YES;
				BUNDLE_LOADER = "$(TEST_HOST)";
				CODE_SIGN_STYLE = Automatic;
				CURRENT_PROJECT_VERSION = 1;
				GENERATE_INFOPLIST_FILE = YES;
				IPHONEOS_DEPLOYMENT_TARGET = 16.4;
				MARKETING_VERSION = 1.0;
				PRODUCT_BUNDLE_IDENTIFIER = StarLightCraft.MoodTrackerTests;
				PRODUCT_NAME = "$(TARGET_NAME)";
				SWIFT_EMIT_LOC_STRINGS = NO;
				SWIFT_VERSION = 5.0;
				TARGETED_DEVICE_FAMILY = "1,2";
				TEST_HOST = "$(BUILT_PRODUCTS_DIR)/MoodTracker.app/$(BUNDLE_EXECUTABLE_FOLDER_PATH)/MoodTracker";
			};
			name = Debug;
		};
		DCA82B822A36AFBE0037B5C7 /* Release */ = {
			isa = XCBuildConfiguration;
			buildSettings = {
				ALWAYS_EMBED_SWIFT_STANDARD_LIBRARIES = YES;
				BUNDLE_LOADER = "$(TEST_HOST)";
				CODE_SIGN_STYLE = Automatic;
				CURRENT_PROJECT_VERSION = 1;
				GENERATE_INFOPLIST_FILE = YES;
				IPHONEOS_DEPLOYMENT_TARGET = 16.4;
				MARKETING_VERSION = 1.0;
				PRODUCT_BUNDLE_IDENTIFIER = StarLightCraft.MoodTrackerTests;
				PRODUCT_NAME = "$(TARGET_NAME)";
				SWIFT_EMIT_LOC_STRINGS = NO;
				SWIFT_VERSION = 5.0;
				TARGETED_DEVICE_FAMILY = "1,2";
				TEST_HOST = "$(BUILT_PRODUCTS_DIR)/MoodTracker.app/$(BUNDLE_EXECUTABLE_FOLDER_PATH)/MoodTracker";
			};
			name = Release;
		};
		DCA82B842A36AFBE0037B5C7 /* Debug */ = {
			isa = XCBuildConfiguration;
			buildSettings = {
				ALWAYS_EMBED_SWIFT_STANDARD_LIBRARIES = YES;
				CODE_SIGN_STYLE = Automatic;
				CURRENT_PROJECT_VERSION = 1;
				GENERATE_INFOPLIST_FILE = YES;
				MARKETING_VERSION = 1.0;
				PRODUCT_BUNDLE_IDENTIFIER = StarLightCraft.MoodTrackerUITests;
				PRODUCT_NAME = "$(TARGET_NAME)";
				SWIFT_EMIT_LOC_STRINGS = NO;
				SWIFT_VERSION = 5.0;
				TARGETED_DEVICE_FAMILY = "1,2";
				TEST_TARGET_NAME = MoodTracker;
			};
			name = Debug;
		};
		DCA82B852A36AFBE0037B5C7 /* Release */ = {
			isa = XCBuildConfiguration;
			buildSettings = {
				ALWAYS_EMBED_SWIFT_STANDARD_LIBRARIES = YES;
				CODE_SIGN_STYLE = Automatic;
				CURRENT_PROJECT_VERSION = 1;
				GENERATE_INFOPLIST_FILE = YES;
				MARKETING_VERSION = 1.0;
				PRODUCT_BUNDLE_IDENTIFIER = StarLightCraft.MoodTrackerUITests;
				PRODUCT_NAME = "$(TARGET_NAME)";
				SWIFT_EMIT_LOC_STRINGS = NO;
				SWIFT_VERSION = 5.0;
				TARGETED_DEVICE_FAMILY = "1,2";
				TEST_TARGET_NAME = MoodTracker;
			};
			name = Release;
		};
/* End XCBuildConfiguration section */

/* Begin XCConfigurationList section */
		DCA82B542A36AFBC0037B5C7 /* Build configuration list for PBXProject "MoodTracker" */ = {
			isa = XCConfigurationList;
			buildConfigurations = (
				DCA82B7B2A36AFBE0037B5C7 /* Debug */,
				DCA82B7C2A36AFBE0037B5C7 /* Release */,
			);
			defaultConfigurationIsVisible = 0;
			defaultConfigurationName = Release;
		};
		DCA82B7D2A36AFBE0037B5C7 /* Build configuration list for PBXNativeTarget "MoodTracker" */ = {
			isa = XCConfigurationList;
			buildConfigurations = (
				DCA82B7E2A36AFBE0037B5C7 /* Debug */,
				DCA82B7F2A36AFBE0037B5C7 /* Release */,
			);
			defaultConfigurationIsVisible = 0;
			defaultConfigurationName = Release;
		};
		DCA82B802A36AFBE0037B5C7 /* Build configuration list for PBXNativeTarget "MoodTrackerTests" */ = {
			isa = XCConfigurationList;
			buildConfigurations = (
				DCA82B812A36AFBE0037B5C7 /* Debug */,
				DCA82B822A36AFBE0037B5C7 /* Release */,
			);
			defaultConfigurationIsVisible = 0;
			defaultConfigurationName = Release;
		};
		DCA82B832A36AFBE0037B5C7 /* Build configuration list for PBXNativeTarget "MoodTrackerUITests" */ = {
			isa = XCConfigurationList;
			buildConfigurations = (
				DCA82B842A36AFBE0037B5C7 /* Debug */,
				DCA82B852A36AFBE0037B5C7 /* Release */,
			);
			defaultConfigurationIsVisible = 0;
			defaultConfigurationName = Release;
		};
/* End XCConfigurationList section */
	};
	rootObject = DCA82B512A36AFBC0037B5C7 /* Project object */;
}
